
Microsoft Visual Studio Solution File, Format Version 12.00
# Visual Studio Version 17
VisualStudioVersion = 17.14.36203.30 d17.14
MinimumVisualStudioVersion = 10.0.40219.1
Project("{888888A0-9F3D-457C-B088-3A5042F75D52}") = "marithon", "marithon\marithon.pyproj", "{CEA4B7AD-708D-4542-B5FE-C41FCE885287}"
EndProject
Global
	GlobalSection(SolutionConfigurationPlatforms) = preSolution
		Debug|Any CPU = Debug|Any CPU
		Release|Any CPU = Release|Any CPU
	EndGlobalSection
	GlobalSection(ProjectConfigurationPlatforms) = postSolution
		{CEA4B7AD-708D-4542-B5FE-C41FCE885287}.Debug|Any CPU.ActiveCfg = Debug|Any CPU
		{CEA4B7AD-708D-4542-B5FE-C41FCE885287}.Release|Any CPU.ActiveCfg = Release|Any CPU
	EndGlobalSection
	GlobalSection(SolutionProperties) = preSolution
		HideSolutionNode = FALSE
	EndGlobalSection
	GlobalSection(ExtensibilityGlobals) = postSolution
		SolutionGuid = {5B175955-993B-4DE8-BD63-7C3055286A41}
	EndGlobalSection
EndGlobal
