
Microsoft Visual Studio Solution File, Format Version 12.00
# Visual Studio Version 17
VisualStudioVersion = 17.14.36203.30 d17.14
MinimumVisualStudioVersion = 10.0.40219.1
Project("{888888A0-9F3D-457C-B088-3A5042F75D52}") = "parcer", "parcer\parcer.pyproj", "{533757F4-5CEE-451C-8329-253B121C3FFD}"
EndProject
Global
	GlobalSection(SolutionConfigurationPlatforms) = preSolution
		Debug|Any CPU = Debug|Any CPU
		Release|Any CPU = Release|Any CPU
	EndGlobalSection
	GlobalSection(ProjectConfigurationPlatforms) = postSolution
		{533757F4-5CEE-451C-8329-253B121C3FFD}.Debug|Any CPU.ActiveCfg = Debug|Any CPU
		{533757F4-5CEE-451C-8329-253B121C3FFD}.Release|Any CPU.ActiveCfg = Release|Any CPU
	EndGlobalSection
	GlobalSection(SolutionProperties) = preSolution
		HideSolutionNode = FALSE
	EndGlobalSection
	GlobalSection(ExtensibilityGlobals) = postSolution
		SolutionGuid = {06A95273-5D8B-4108-B1A5-11B4E800876D}
	EndGlobalSection
EndGlobal
